
Microsoft Visual Studio Solution File, Format Version 12.00
# Visual Studio 15
VisualStudioVersion = 15.0.27004.2010
MinimumVisualStudioVersion = 10.0.40219.1
Project("{FAE04EC0-301F-11D3-BF4B-00C04F79EFBC}") = "ExampleWS", "ExampleWS\ExampleWS.csproj", "{716C59F8-AB06-462D-BA4E-76B49AFC9B78}"
EndProject
Global
	GlobalSection(SolutionConfigurationPlatforms) = preSolution
		Debug|Any CPU = Debug|Any CPU
		Release|Any CPU = Release|Any CPU
	EndGlobalSection
	GlobalSection(ProjectConfigurationPlatforms) = postSolution
		{716C59F8-AB06-462D-BA4E-76B49AFC9B78}.Debug|Any CPU.ActiveCfg = Debug|Any CPU
		{716C59F8-AB06-462D-BA4E-76B49AFC9B78}.Debug|Any CPU.Build.0 = Debug|Any CPU
		{716C59F8-AB06-462D-BA4E-76B49AFC9B78}.Release|Any CPU.ActiveCfg = Release|Any CPU
		{716C59F8-AB06-462D-BA4E-76B49AFC9B78}.Release|Any CPU.Build.0 = Release|Any CPU
	EndGlobalSection
	GlobalSection(SolutionProperties) = preSolution
		HideSolutionNode = FALSE
	EndGlobalSection
	GlobalSection(ExtensibilityGlobals) = postSolution
		SolutionGuid = {407E3C70-3B23-411F-BEEC-315E71A5E7E8}
	EndGlobalSection
EndGlobal
